github.com/OneOfOne/xxhash v1.2.2 h1:KMrpdQIwFcEqXDklaen+P1axHaj9BSKzvpUUfnHldSE=
github.com/OneOfOne/xxhash v1.2.2/go.mod h1:HSdplMjZKSmBqAxg5vPj2TmRDmfkzw+cTzAElWljhcU=
github.com/Shopify/sarama v1.13.0 h1:R+4WFsmMzUxN2uiGzWXoY9apBAQnARC+B+wYvy/kC3k=
github.com/Shopify/sarama v1.13.0/go.mod h1:FVkBWblsNy7DGZRfXLU0O9RCGt5g3g3yEuWXgklEdEo=
github.com/Shopify/toxiproxy v2.1.4+incompatible h1:TKdv8HiTLgE5wdJuEML90aBgNWsokNbMijUGhmcoBJc=
github.com/Shopify/toxiproxy v2.1.4+incompatible/go.mod h1:OXgGpZ6Cli1/URJOF1DMxUHB2q5Ap20/P/eIdh4G0pI=
github.com/aws/aws-sdk-go v1.17.14 h1:IjqZDIQoLyZ48A93BxVrZOaIGgZPRi4nXt6WQUMJplY=
github.com/aws/aws-sdk-go v1.17.14/go.mod h1:KmX6BPdI08NWTb3/sm4ZGu5ShLoqVDhKgpiN924inxo=
github.com/cespare/xxhash v1.1.0 h1:a6HrQnmkObjyL+Gs60czilIUGqrzKutQD6XZog3p+ko=
github.com/cespare/xxhash v1.1.0/go.mod h1:XrSqR1VqqWfGrhpAt58auRo0WTKS1nRRg3ghfAqPWnc=
github.com/davecgh/go-spew v1.1.0 h1:ZDRjVQ15GmhC3fiQ8ni8+OwkZQO4DARzQgrnXU1Liz8=
github.com/davecgh/go-spew v1.1.0/go.mod h1:J7Y8YcW2NihsgmVo/mv3lAwl/skON4iLHjSsI+c5H38=
github.com/eapache/go-resiliency v1.0.0 h1:XPZo5qMI0LGzIqT9wRq6dPv2vEuo9MWCar1wHY8Kuf4=
github.com/eapache/go-resiliency v1.0.0/go.mod h1:kFI+JgMyC7bLPUVY133qvEBtVayf5mFgVsvEsIPBvNs=
github.com/eapache/go-xerial-snappy v0.0.0-20160609142408-bb955e01b934 h1:oGLoaVIefp3tiOgi7+KInR/nNPvEpPM6GFo+El7fd14=
github.com/eapache/go-xerial-snappy v0.0.0-20160609142408-bb955e01b934/go.mod h1:+020luEh2TKB4/GOp8oxxtq0Daoen/Cii55CzbTV6DU=
github.com/eapache/queue v1.0.2 h1:jRJXCx6uciOfN69MfZCC9EZlGRqqHhwlyb6GBeNow+c=
github.com/eapache/queue v1.0.2/go.mod h1:6eCeP0CKFpHLu8blIFXhExK/dRa7WDZfr6jVFPTqq+I=
github.com/eclipse/paho.mqtt.golang v1.1.0 h1:Em29HD1CwLHdRFnX7yfg+kBjHHw6DSDok9I+ia4znT4=
github.com/eclipse/paho.mqtt.golang v1.1.0/go.mod h1:H9keYFcgq3Qr5OUJm/JZI/i6U7joQ8SYLhZwfeOo6Ts=
github.com/golang/protobuf v0.0.0-20170920220647-130e6b02ab05 h1:Kesru7U6Mhpf/x7rthxAKnr586VFmoE2NdEvkOKvfjg=
github.com/golang/protobuf v0.0.0-20170920220647-130e6b02ab05/go.mod h1:6lQm79b+lXiMfvg/cZm0SGofjICqVBUtrP5yJMmIC1U=
github.com/golang/snappy v0.0.0-20170215233205-553a64147049 h1:K9KHZbXKpGydfDN0aZrsoHpLJlZsBrGMFWbgLDGnPZk=
github.com/golang/snappy v0.0.0-20170215233205-553a64147049/go.mod h1:/XxbfmMg8lxefKM7IXC3fBNl/7bRcc72aCRzEWrmP2Q=
github.com/gomodule/redigo v1.7.0 h1:ZKld1VOtsGhAe37E7wMxEDgAlGM5dvFY+DiOhSkhP9Y=
github.com/gomodule/redigo v2.0.0+incompatible h1:K/R+8tc58AaqLkqG2Ol3Qk+DR/TlNuhuh457pBFPtt0=
github.com/gomodule/redigo v2.0.1-0.20181026001555-e8fc0692a7e2+incompatible h1:H4S5GVLXZxCnS6q3+HrRBu/ObgobnAHg92tWG8cLfX8=
github.com/gomodule/redigo v2.0.1-0.20181026001555-e8fc0692a7e2+incompatible/go.mod h1:B4C85qUVwatsJoIUNIfCRsp7qO0iAmpGFZ4EELWSbC4=
github.com/jmespath/go-jmespath v0.0.0-20180206201540-c2b33e8439af h1:pmfjZENx5imkbgOkpRUYLnmbU7UEFbjtDA2hxJ1ichM=
github.com/jmespath/go-jmespath v0.0.0-20180206201540-c2b33e8439af/go.mod h1:Nht3zPeWKUH0NzdCt2Blrr5ys8VGpn0CEB0cQHVjt7k=
github.com/mmcloughlin/geohash v0.0.0-20181009053802-f7f2bcae3294 h1:QlTAK00UrY80KK9Da+foE04AjxhXFrgp87aZB6yfU5c=
github.com/mmcloughlin/geohash v0.0.0-20181009053802-f7f2bcae3294/go.mod h1:oNZxQo5yWJh0eMQEP/8hwQuVx9Z9tjwFUqcTB1SmG0c=
github.com/nats-io/gnatsd v1.4.1 h1:RconcfDeWpKCD6QIIwiVFcvForlXpWeJP7i5/lDLy44=
github.com/nats-io/gnatsd v1.4.1/go.mod h1:nqco77VO78hLCJpIcVfygDP2rPGfsEHkGTUk94uh5DQ=
github.com/nats-io/go-nats v1.6.0 h1:FznPwMfrVwGnSCh7JTXyJDRW0TIkD4Tr+M1LPJt9T70=
github.com/nats-io/go-nats v1.6.0/go.mod h1:+t7RHT5ApZebkrQdnn6AhQJmhJJiKAvJUio1PiiCtj0=
github.com/nats-io/nuid v1.0.0 h1:44QGdhbiANq8ZCbUkdn6W5bqtg+mHuDE4wOUuxxndFs=
github.com/nats-io/nuid v1.0.0/go.mod h1:19wcPz3Ph3q0Jbyiqsd0kePYG7A95tJPxeL+1OSON2c=
github.com/peterh/liner v1.0.1-0.20170902204657-a37ad3984311 h1:IQrJrnseUVEdTXQpnWjks3LRNuYyydpK+A4k6oYXYHk=
github.com/peterh/liner v1.0.1-0.20170902204657-a37ad3984311/go.mod h1:xIteQHvHuaLYG9IFj6mSxM0fCKrs34IrEQUhOYuGPHc=
github.com/pierrec/lz4 v1.0.1 h1:w6GMGWSsCI04fTM8wQRdnW74MuJISakuUU0onU0TYB4=
github.com/pierrec/lz4 v1.0.1/go.mod h1:pdkljMzZIN41W+lC3N2tnIh5sFi+IEE17M5jbnwPHcY=
github.com/pierrec/xxHash v0.1.1 h1:KP4NrV9023xp3M4FkTYfcXqWigsOCImL1ANJ7sh5vg4=
github.com/pierrec/xxHash v0.1.1/go.mod h1:w2waW5Zoa/Wc4Yqe0wgrIYAGKqRMf7czn2HNKXmuL+I=
github.com/pmezard/go-difflib v1.0.0 h1:4DBwDE0NGyQoBHbLQYPwSUPoCMWR5BEzIk/f1lZbAQM=
github.com/pmezard/go-difflib v1.0.0/go.mod h1:iKH77koFhYxTK1pcRnkKkqfTogsbg7gZNVY4sRDYZ/4=
github.com/rcrowley/go-metrics v0.0.0-20161128210544-1f30fe9094a5 h1:gwcdIpH6NU2iF8CmcqD+CP6+1CkRBOhHaPR+iu6raBY=
github.com/rcrowley/go-metrics v0.0.0-20161128210544-1f30fe9094a5/go.mod h1:bCqnVzQkZxMG4s8nGwiZ5l3QUCyqpo9Y+/ZMZ9VjZe4=
github.com/spaolacci/murmur3 v0.0.0-20180118202830-f09979ecbc72 h1:qLC7fQah7D6K1B0ujays3HV9gkFtllcxhzImRR7ArPQ=
github.com/spaolacci/murmur3 v0.0.0-20180118202830-f09979ecbc72/go.mod h1:JwIasOWyU6f++ZhiEuf87xNszmSA2myDM2Kzu9HwQUA=
github.com/streadway/amqp v0.0.0-20170926065634-cefed15a0bd8 h1:q2L3Zhh0RscQeFIJRFshSq3DtZPE0ts8q3F+oyUxw/c=
github.com/streadway/amqp v0.0.0-20170926065634-cefed15a0bd8/go.mod h1:1WNBiOZtZQLpVAyu0iTduoJL9hEsMloAK5XWrtW0xdY=
github.com/stretchr/objx v0.1.0/go.mod h1:HFkY916IF+rwdDfMAkV7OtwuqBVzrE8GR6GFx+wExME=
github.com/stretchr/testify v1.4.0 h1:2E4SXV/wtOkTonXsotYi4li6zVWxYlZuYNCXe9XRJyk=
github.com/stretchr/testify v1.4.0/go.mod h1:j7eGeouHqKxXV5pUuKE4zz7dFj8WfuZ+81PSLYec5m4=
github.com/tidwall/btree v0.0.0-20170113224114-9876f1454cf0 h1:QnyrPZZvPmR0AtJCxxfCtI1qN+fYpKTKJ/5opWmZ34k=
github.com/tidwall/btree v0.0.0-20170113224114-9876f1454cf0/go.mod h1:huei1BkDWJ3/sLXmO+bsCNELL+Bp2Kks9OLyQFkzvA8=
github.com/tidwall/buntdb v1.1.0 h1:H6LzK59KiNjf1nHVPFrYj4Qnl8d8YLBsYamdL8N+Bao=
github.com/tidwall/buntdb v1.1.0/go.mod h1:Y39xhcDW10WlyYXeLgGftXVbjtM0QP+/kpz8xl9cbzE=
github.com/tidwall/cities v0.0.0-20190730194520-dbe1ae0b862c h1:K/6v4woP8qym96ZKorm6mbOhEs3xhlJoEQWiJ5WT7mw=
github.com/tidwall/cities v0.0.0-20190730194520-dbe1ae0b862c/go.mod h1:lV/HDp2gCcRcHJWqgt6Di54GiDrTZwh1aG2ZUPNbqa4=
github.com/tidwall/geoindex v1.1.0 h1:d/pGCgKUonfQINd1235kKqx9gWBU4N7GjDS9WvbPvLY=
github.com/tidwall/geoindex v1.1.0/go.mod h1:3gTa91BW+eiVIipuR6aU1Y9Sa0q75b1teE/NP2vfsTc=
github.com/tidwall/geojson v1.1.8 h1:n/WT/PG0OEHrxUJQoeqkupWDt3pwbHMynl6OF9xKIM0=
github.com/tidwall/geojson v1.1.8/go.mod h1:tBjfxeALRFLc25LLpjtWzy2nIrNmW1ze1EAhLtd8+QQ=
github.com/tidwall/geojson v1.1.10 h1:ALzsrTn62pq65DudSQpYDjjCUaq6dP1XQm51GVYgJyo=
github.com/tidwall/geojson v1.1.10/go.mod h1:tBjfxeALRFLc25LLpjtWzy2nIrNmW1ze1EAhLtd8+QQ=
github.com/tidwall/geojson v1.1.12 h1:Ol83kqH2zeYJHP16xteZtr8VRukIXeF/TqVvJodM41M=
github.com/tidwall/geojson v1.1.12/go.mod h1:tBjfxeALRFLc25LLpjtWzy2nIrNmW1ze1EAhLtd8+QQ=
github.com/tidwall/geojson v1.1.13 h1:P7f58SrQgyb9k3HjKStRLug4i/0U+1MJ00f/4Z92wcM=
github.com/tidwall/geojson v1.1.13/go.mod h1:tBjfxeALRFLc25LLpjtWzy2nIrNmW1ze1EAhLtd8+QQ=
github.com/tidwall/gjson v1.3.2 h1:+7p3qQFaH3fOMXAJSrdZwGKcOO/lYdGS0HqGhPqDdTI=
github.com/tidwall/gjson v1.3.2/go.mod h1:P256ACg0Mn+j1RXIDXoss50DeIABTYK1PULOJHhxOls=
github.com/tidwall/grect v0.0.0-20161006141115-ba9a043346eb h1:5NSYaAdrnblKByzd7XByQEJVT8+9v0W/tIY0Oo4OwrE=
github.com/tidwall/grect v0.0.0-20161006141115-ba9a043346eb/go.mod h1:lKYYLFIr9OIgdgrtgkZ9zgRxRdvPYsExnYBsEAd8W5M=
github.com/tidwall/lotsa v0.0.0-20180225195211-a03631ac7f1c h1:RPDCLM+i790uM7bB5TqKW5eFKbX1k5zZUsHVhZd2r/c=
github.com/tidwall/lotsa v0.0.0-20180225195211-a03631ac7f1c/go.mod h1:X6NiU+4yHA3fE3Puvpnn1XMDrFZrE9JO2/w+UMuqgR8=
github.com/tidwall/match v1.0.1 h1:PnKP62LPNxHKTwvHHZZzdOAOCtsJTjo6dZLCwpKm5xc=
github.com/tidwall/match v1.0.1/go.mod h1:LujAq0jyVjBy028G1WhWfIzbpQfMO8bBZ6Tyb0+pL9E=
github.com/tidwall/pretty v1.0.0 h1:HsD+QiTn7sK6flMKIvNmpqz1qrpP3Ps6jOKIKMooyg4=
github.com/tidwall/pretty v1.0.0/go.mod h1:XNkn88O1ChpSDQmQeStsy+sBenx6DDtFZJxhVysOjyk=
github.com/tidwall/rbang v1.1.0 h1:egck3fUlFlNj93odJC1TdcqFCcqfWq0qMH6HTwpXWUQ=
github.com/tidwall/rbang v1.1.0/go.mod h1:aMGOM1Wj50tooEO/0aO9j+7gyHUs3bUW0t4Q+xiuOjg=
github.com/tidwall/redbench v0.0.0-20181110173744-17c5b5b864a4 h1:W7pJCltjA/nrESHhV47Y01p2gFdInOY9qkq69uEzN0o=
github.com/tidwall/redbench v0.0.0-20181110173744-17c5b5b864a4/go.mod h1:zxcRGCq/JcqV48YjK9WxBNJL7JSpMzbLXaHvMcnanKQ=
github.com/tidwall/redcon v0.0.0-20171003141744-3df12143a4fe h1:GtV/vMtn3FYTSRAoIgQqcjc4/Huw16xy5t7djUnzc6k=
github.com/tidwall/redcon v0.0.0-20171003141744-3df12143a4fe/go.mod h1:bdYBm4rlcWpst2XMwKVzWDF9CoUxEbUmM7CQrKeOZas=
github.com/tidwall/resp v0.0.0-20160908231031-b2b1a7ca20e3 h1:+weN0RLHfv5fugOSyHPxbY9feCqi6JnLBFsq8Jvx7/E=
github.com/tidwall/resp v0.0.0-20160908231031-b2b1a7ca20e3/go.mod h1:18xEj855iMY2bK6tNF2A4x+nZy5gWO1iO7OOl3jETKw=
github.com/tidwall/rhh v1.1.0 h1:U+3RGzEB6VoBBkLlsAaF3ThjwZ0JGibplJhDin5Ub/Y=
github.com/tidwall/rhh v1.1.0/go.mod h1:37/ybjMQQ4nDztczc//g/WBd2X51vogKHWL3xC8kY24=
github.com/tidwall/rtree v0.0.0-20180113144539-6cd427091e0e h1:+NL1GDIUOKxVfbp2KoJQD9cTQ6dyP2co9q4yzmT9FZo=
github.com/tidwall/rtree v0.0.0-20180113144539-6cd427091e0e/go.mod h1:/h+UnNGt0IhNNJLkGikcdcJqm66zGD/uJGMRxK/9+Ao=
github.com/tidwall/sjson v1.0.2 h1:WHiiu9LsxPZazjIUPC1EGBuUqQVWJksZszl9BasNNjg=
github.com/tidwall/sjson v1.0.2/go.mod h1:bURseu1nuBkFpIES5cz6zBtjmYeOQmEESshn7VpF15Y=
github.com/tidwall/tinybtree v0.0.0-20181217131827-de5932d649b5 h1:NaGfypx6656w6iRmXK0buWGuYashbcFttdPe00DKUcE=
github.com/tidwall/tinybtree v0.0.0-20181217131827-de5932d649b5/go.mod h1:0aFQG6KLQz3j57CeVgXlmKO3RSQ3myhJn2H+r84IgSY=
github.com/tidwall/tinyqueue v0.0.0-20180302190814-1e39f5511563 h1:Otn9S136ELckZ3KKDyCkxapfufrqDqwmGjcHfAyXRrE=
github.com/tidwall/tinyqueue v0.0.0-20180302190814-1e39f5511563/go.mod h1:mLqSmt7Dv/CNneF2wfcChfN1rvapyQr01LGKnKex0DQ=
github.com/yuin/gopher-lua v0.0.0-20170915035107-eb1c7299435c h1:BXhbeVl63cTUicr+Q/D0/BNPw59IsIcyv2cB1/xHRps=
github.com/yuin/gopher-lua v0.0.0-20170915035107-eb1c7299435c/go.mod h1:aEV29XrmTYFr3CiRxZeGHpkvbwq+prZduBqMaascyCU=
golang.org/x/crypto v0.0.0-20170930174604-9419663f5a44 h1:9lP3x0pW80sDI6t1UMSLA4to18W7R7imwAI/sWS9S8Q=
golang.org/x/crypto v0.0.0-20170930174604-9419663f5a44/go.mod h1:6SG95UA2DQfeDnfUPMdvaQW0Q7yPrPDi9nlGo2tz2b4=
golang.org/x/net v0.0.0-20171004034648-a04bdaca5b32 h1:NjAulLPqFTaOxQu5S4qUMqscSu+mQdu+wMY0nfqSkuk=
golang.org/x/net v0.0.0-20171004034648-a04bdaca5b32/go.mod h1:mL1N/T3taQHkDXs73rZJwtUhF3w3ftmwwsq0BUmARs4=
golang.org/x/sync v0.0.0-20190911185100-cd5d95a43a6e h1:vcxGaoTs7kV8m5Np9uUNQin4BrLOthgV7252N8V+FwY=
golang.org/x/sync v0.0.0-20190911185100-cd5d95a43a6e/go.mod h1:RxMgew5VJxzue5/jJTE5uejpjVlOe/izrB70Jof72aM=
golang.org/x/sys v0.0.0-20170927054621-314a259e304f h1:iUy6hSM2lPBGm2d9HgXq1GqYPwcJvA8ihnWauXggYMs=
golang.org/x/sys v0.0.0-20170927054621-314a259e304f/go.mod h1:STP8DvDyc/dI5b8T5hshtkjS+E42TnysNCUPdjciGhY=
golang.org/x/text v0.1.1-0.20171005092100-d82c1812e304 h1:O2dKpvCsgtI9C6I1Byy3L6t4dfkwGmLFeXPT6NMySx4=
golang.org/x/text v0.1.1-0.20171005092100-d82c1812e304/go.mod h1:NqM8EUOU14njkJ3fqMW+pc6Ldnwhi/IjpwHt7yyuwOQ=
google.golang.org/genproto v0.0.0-20171002232614-f676e0f3ac63 h1:yNBw5bwywOTguAu+h6SkCUaWdEZ7ZXgfiwb2YTN1eQw=
google.golang.org/genproto v0.0.0-20171002232614-f676e0f3ac63/go.mod h1:JiN7NxoALGmiZfu7CAH4rXhgtRTLTxftemlI0sWmxmc=
google.golang.org/grpc v1.6.0 h1:vaySXtNtPrLJFCiET8QXtfBrqq16ynklmFGaZwLcd1M=
google.golang.org/grpc v1.6.0/go.mod h1:yo6s7OP7yaDglbqo1J04qKzAhqBH6lvTonzMVmEdcZw=
gopkg.in/check.v1 v0.0.0-20161208181325-20d25e280405 h1:yhCVgyC4o1eVCa2tZl7eS0r+SDo693bJlVdllGtEeKM=
gopkg.in/check.v1 v0.0.0-20161208181325-20d25e280405/go.mod h1:Co6ibVJAznAaIkqp8huTwlJQCZ016jof/cbN4VW5Yz0=
gopkg.in/yaml.v2 v2.2.2 h1:ZCJp+EgiOT7lHqUV2J862kp8Qj64Jo6az82+3Td9dZw=
gopkg.in/yaml.v2 v2.2.2/go.mod h1:hI93XBmqTisBFMUTm0b8Fm+jr3Dg1NNxqwp+5A1VGuI=
layeh.com/gopher-json v0.0.0-20161224164157-c128cc74278b h1:ZfaWvT/nGlYq3Id9DDvsgmRzAfPotitRJmD7ymWZPK0=
layeh.com/gopher-json v0.0.0-20161224164157-c128cc74278b/go.mod h1:ivKkcY8Zxw5ba0jldhZCYYQfGdb2K6u9tbYK1AwMIBc=
