# This file is autogenerated, do not edit; changes may be undone by the next 'dep ensure'.


[[projects]]
  digest = "1:db7100aae319b808f819ee6d1d2e400d234b0a335bff2b70392f1e3a79ccd63d"
  name = "github.com/Shopify/sarama"
  packages = ["."]
  pruneopts = ""
  revision = "bbdbe644099b7fdc8327d5cc69c030945188b2e9"
  version = "v1.13.0"

[[projects]]
  digest = "1:11c577e4f8478a8b397adb7976f1f201b31951a5473d7e794c6423a1224dab80"
  name = "github.com/aws/aws-sdk-go"
  packages = [
    "aws",
    "aws/awserr",
    "aws/awsutil",
    "aws/client",
    "aws/client/metadata",
    "aws/corehandlers",
    "aws/credentials",
    "aws/credentials/ec2rolecreds",
    "aws/credentials/endpointcreds",
    "aws/credentials/stscreds",
    "aws/defaults",
    "aws/ec2metadata",
    "aws/endpoints",
    "aws/request",
    "aws/session",
    "aws/signer/v4",
    "internal/shareddefaults",
    "private/protocol",
    "private/protocol/query",
    "private/protocol/query/queryutil",
    "private/protocol/rest",
    "private/protocol/xml/xmlutil",
    "service/sqs",
    "service/sts",
  ]
  pruneopts = ""
  revision = "da415b5fa0ff3f91d4707348a8ea1be53f700c22"
  version = "v1.12.6"

[[projects]]
  digest = "1:56c130d885a4aacae1dd9c7b71cfe39912c7ebc1ff7d2b46083c8812996dc43b"
  name = "github.com/davecgh/go-spew"
  packages = ["spew"]
  pruneopts = ""
  revision = "346938d642f2ec3594ed81d874461961cd0faa76"
  version = "v1.1.0"

[[projects]]
  digest = "1:f714fa0ab4449a2fe13d156446ac1c1e16bc85334e9be320d42bf8bee362ba45"
  name = "github.com/eapache/go-resiliency"
  packages = ["breaker"]
  pruneopts = ""
  revision = "6800482f2c813e689c88b7ed3282262385011890"
  version = "v1.0.0"

[[projects]]
  branch = "master"
  digest = "1:1f7503fa58a852a1416556ae2ddb219b49a1304fd408391948e2e3676514c48d"
  name = "github.com/eapache/go-xerial-snappy"
  packages = ["."]
  pruneopts = ""
  revision = "bb955e01b9346ac19dc29eb16586c90ded99a98c"

[[projects]]
  digest = "1:c05dc14dd75a9697b8410ea13445ceb40669448f789afe955351ad34bc998cd0"
  name = "github.com/eapache/queue"
  packages = ["."]
  pruneopts = ""
  revision = "ded5959c0d4e360646dc9e9908cff48666781367"
  version = "v1.0.2"

[[projects]]
  digest = "1:eecb3e6cef98036972582ffff7d3e340aef15f075236da353aa3e7fb798fdb21"
  name = "github.com/eclipse/paho.mqtt.golang"
  packages = [
    ".",
    "packets",
  ]
  pruneopts = ""
  revision = "aff15770515e3c57fc6109da73d42b0d46f7f483"
  version = "v1.1.0"

[[projects]]
  digest = "1:e26d0f8ccaf4087b93306d5e20e4816258116868ad6c6da0f2b4926c72fb92fa"
  name = "github.com/go-ini/ini"
  packages = ["."]
  pruneopts = ""
  revision = "20b96f641a5ea98f2f8619ff4f3e061cff4833bd"
  version = "v1.28.2"

[[projects]]
  branch = "master"
  digest = "1:27854310d59099f8dcc61dd8af4a69f0a3597f001154b2fb4d1c41baf2e31ec1"
  name = "github.com/golang/protobuf"
  packages = [
    "proto",
    "ptypes",
    "ptypes/any",
    "ptypes/duration",
    "ptypes/timestamp",
  ]
  pruneopts = ""
  revision = "130e6b02ab059e7b717a096f397c5b60111cae74"

[[projects]]
  branch = "master"
  digest = "1:09307dfb1aa3f49a2bf869dcfa4c6c06ecd3c207221bd1c1a1141f0e51f209eb"
  name = "github.com/golang/snappy"
  packages = ["."]
  pruneopts = ""
  revision = "553a641470496b2327abcac10b36396bd98e45c9"

[[projects]]
  branch = "master"
  digest = "1:af269c8136b9422554bd4f1c0a024a7ccde3ef18482131ce10c336af80228e88"
  name = "github.com/gomodule/redigo"
  packages = ["redis"]
  pruneopts = ""
  revision = "e8fc0692a7e26a05b06517348ed466349062eb47"

[[projects]]
  digest = "1:6f49eae0c1e5dab1dafafee34b207aeb7a42303105960944828c2079b92fc88e"
  name = "github.com/jmespath/go-jmespath"
  packages = ["."]
  pruneopts = ""
  revision = "0b12d6b5"

[[projects]]
  digest = "1:be1d3b7623f11b628068933282015f3dbcd522fa8e6b16d2931edffd42ef2c0b"
  name = "github.com/kavu/go_reuseport"
  packages = ["."]
  pruneopts = ""
  revision = "ffa96de2479e10ecd06aca8069bf9c55a86701b5"
  version = "v1.4.0"

[[projects]]
  branch = "master"
  digest = "1:75dddee0eb82002b5aff6937fdf6d544b85322d2414524a521768fe4b4e5ed3d"
  name = "github.com/mmcloughlin/geohash"
  packages = ["."]
  pruneopts = ""
  revision = "f7f2bcae3294530249c63fcb6fb6d5e83eee4e73"

[[projects]]
  digest = "1:f04a78a43f55f089c919beee8ec4a1495dee1bd271548da2cb44bf44699a6a61"
  name = "github.com/nats-io/go-nats"
  packages = [
    ".",
    "encoders/builtin",
    "util",
  ]
  pruneopts = ""
  revision = "fb0396ee0bdb8018b0fef30d6d1de798ce99cd05"
  version = "v1.6.0"

[[projects]]
  digest = "1:be61e8224b84064109eaba8157cbb4bbe6ca12443e182b6624fdfa1c0dcf53d9"
  name = "github.com/nats-io/nuid"
  packages = ["."]
  pruneopts = ""
  revision = "289cccf02c178dc782430d534e3c1f5b72af807f"
  version = "v1.0.0"

[[projects]]
  branch = "master"
  digest = "1:30f72985e574101b71666d6e601e7564bd02d95164da59ca17363ad194137969"
  name = "github.com/peterh/liner"
  packages = ["."]
  pruneopts = ""
  revision = "a37ad39843113264dae84a5d89fcee28f50b35c6"

[[projects]]
  digest = "1:2118aac9bc7ff09544626d5d1c7f7d4fb92a558702b00da5572ccc80ae7caf2b"
  name = "github.com/pierrec/lz4"
  packages = ["."]
  pruneopts = ""
  revision = "08c27939df1bd95e881e2c2367a749964ad1fceb"
  version = "v1.0.1"

[[projects]]
  digest = "1:ff95a6c61f34f32e57833783059c80274d84e9c74e6e315c3dc2e93e9bf3dab9"
  name = "github.com/pierrec/xxHash"
  packages = ["xxHash32"]
  pruneopts = ""
  revision = "f051bb7f1d1aaf1b5a665d74fb6b0217712c69f7"
  version = "v0.1.1"

[[projects]]
  branch = "master"
  digest = "1:5e3f4c2357e1e95ede9f36dc027b4b5a2cca463c8899344c22ebeb7c0abab8d5"
  name = "github.com/rcrowley/go-metrics"
  packages = ["."]
  pruneopts = ""
  revision = "1f30fe9094a513ce4c700b9a54458bbb0c96996c"

[[projects]]
  branch = "master"
  digest = "1:10332fc7c87ee09af278e9c1899f1349f5c54dd22843ad2030e6556d05c5983e"
  name = "github.com/streadway/amqp"
  packages = ["."]
  pruneopts = ""
  revision = "cefed15a0bd808d13947f228770a81b06ebe8e45"

[[projects]]
  branch = "master"
  digest = "1:6e319cc90f8432f0ac3f78e6bb7be410e6939b6405e1ba84ae4e920de15476f3"
  name = "github.com/tidwall/boxtree"
  packages = ["d2"]
  pruneopts = ""
  revision = "a570caa42c5e4c65f50e6f7ca0e7fa1c5084981c"

[[projects]]
  branch = "master"
  digest = "1:b28f2f9253cbb1bf2bcb3c0ab7421d2f88a245386199a6668b0a66eb09ce3e1f"
  name = "github.com/tidwall/btree"
  packages = ["."]
  pruneopts = ""
  revision = "9876f1454cf0993a53d74c27196993e345f50dd1"

[[projects]]
  branch = "master"
  digest = "1:2fef6390e8d9118debd4937a699afad9e1629f2d5d3c965a58fc33afe04f9b46"
  name = "github.com/tidwall/buntdb"
  packages = ["."]
  pruneopts = ""
  revision = "b67b1b8c1658cb01502801c14e33c61e6c4cbb95"

[[projects]]
  digest = "1:91acf4d86b348c1f1832336836035373b047ffcb16a0fde066bd531bbe3452b2"
  name = "github.com/tidwall/evio"
  packages = [
    ".",
    "internal",
  ]
  pruneopts = ""
  revision = "b353be3a765785dafabbb63a7b25aadec3533946"
  version = "v1.0.2"

[[projects]]
  digest = "1:fc81262a6ad5aeec27e1bd15356f790e6b2d8fd14acb6bd5ff3f0f51bf67417f"
  name = "github.com/tidwall/geojson"
  packages = [
    ".",
    "geo",
    "geometry",
  ]
  pruneopts = ""
  revision = "6baab67ab6a9bac4abf153ab779c736254a37fd1"
  version = "v1.1.0"

[[projects]]
  digest = "1:3ddca2bd5496c6922a2a9e636530e178a43c2a534ea6634211acdc7d10222794"
  name = "github.com/tidwall/gjson"
  packages = ["."]
  pruneopts = ""
  revision = "1e3f6aeaa5bad08d777ea7807b279a07885dd8b2"
  version = "v1.1.3"

[[projects]]
  branch = "master"
  digest = "1:bf59f997bab72b8ecd044aed35d706edb6abd6128afe0502c94398b2374f1f3f"
  name = "github.com/tidwall/grect"
  packages = ["."]
  pruneopts = ""
  revision = "ba9a043346eba55344e40d66a5e74cfda3a9d293"

[[projects]]
  branch = "master"
  digest = "1:96eb1cfd440166e1313d61021adba328e0dfeeac426abf9cc8c9879019b99b59"
  name = "github.com/tidwall/lotsa"
  packages = ["."]
  pruneopts = ""
  revision = "a03631ac7f1cd37f159fca01ff6d600b3536d3cf"

[[projects]]
  branch = "master"
  digest = "1:4db4f92bb9cb04cfc4fccb36aba2598b02a988008c4cc0692b241214ad8ac96e"
  name = "github.com/tidwall/match"
  packages = ["."]
  pruneopts = ""
  revision = "1731857f09b1f38450e2c12409748407822dc6be"

[[projects]]
  branch = "master"
  digest = "1:7eed51dcae60e95dbde54662594ef90a7cbf3b7e3f0de32f84f0213b695967ff"
  name = "github.com/tidwall/pretty"
  packages = ["."]
  pruneopts = ""
  revision = "65a9db5fad5105a89e17f38adcc9878685be6d78"

[[projects]]
  branch = "master"
  digest = "1:e84d0aa788bd55e938ebbaa62782385ca4da00b63c1d6bf23270c031a2ae9a88"
  name = "github.com/tidwall/redbench"
  packages = ["."]
  pruneopts = ""
  revision = "17c5b5b864a4b072481036ac689913156f5bb81c"

[[projects]]
  branch = "master"
  digest = "1:3d97df307101403f6647217a1af92bdb1dc15d7d4c2c92280faeeb98c4fce0f2"
  name = "github.com/tidwall/redcon"
  packages = ["."]
  pruneopts = ""
  revision = "3df12143a4fe57c9f0d7f0f37e29ad95bc37f9a7"

[[projects]]
  branch = "master"
  digest = "1:f0bb37e804b0c1901995b54f51a63f23ff0bb67747a1f8d37a666f394025bbc8"
  name = "github.com/tidwall/resp"
  packages = ["."]
  pruneopts = ""
  revision = "b2b1a7ca20e34ad839fdb81f78e67522c99959f0"

[[projects]]
  branch = "master"
  digest = "1:9384bff0cadcd196d5981923a738898c36d4ce049781152b9a9816791c8221b4"
  name = "github.com/tidwall/rtree"
  packages = ["."]
  pruneopts = ""
  revision = "d4a8a3d30d5729f85edfba1745241f3a621d0359"

[[projects]]
  digest = "1:ca969d3e75ed5b3003f4f5864bb5c13d99471ef57f9049bf78562d7ee1ac019c"
  name = "github.com/tidwall/sjson"
  packages = ["."]
  pruneopts = ""
  revision = "48d34adceb39a5bd6ed7c12f38c78cd425436442"
  version = "v1.0.2"

[[projects]]
  branch = "master"
  digest = "1:251d31d1270dfc5d995c5ff7ee26dc783a34392b2d692e97e273146d082e25bd"
  name = "github.com/tidwall/tinybtree"
  packages = ["."]
  pruneopts = ""
  revision = "de5932d649b50053050d43056146b960f3d90ca5"

[[projects]]
  branch = "master"
  digest = "1:9d71091ff8756d88318a4334be685d311b10e1a01c0290ce743187b3bfb1b3f6"
  name = "github.com/yuin/gopher-lua"
  packages = [
    ".",
    "ast",
    "parse",
    "pm",
  ]
  pruneopts = ""
  revision = "eb1c7299435cc746b72514f37f74a5154dfe460f"

[[projects]]
  branch = "master"
  digest = "1:d2438f1c85d855408197edcbac2ba137513738ccefbd12396b0af99d5449880b"
  name = "golang.org/x/crypto"
  packages = ["ssh/terminal"]
  pruneopts = ""
  revision = "9419663f5a44be8b34ca85f08abc5fe1be11f8a3"

[[projects]]
  branch = "master"
  digest = "1:898bc7c802c1e0c20cecd65811e90b7b9bc5651b4a07aefd159451bfb200b2b3"
  name = "golang.org/x/net"
  packages = [
    "context",
    "http2",
    "http2/hpack",
    "idna",
    "internal/timeseries",
    "lex/httplex",
    "proxy",
    "trace",
    "websocket",
  ]
  pruneopts = ""
  revision = "a04bdaca5b32abe1c069418fb7088ae607de5bd0"

[[projects]]
  branch = "master"
  digest = "1:e9f555036bb1a2f61074131371313348581fa1b643c0e5f8c0a436bf7ce6db69"
  name = "golang.org/x/sys"
  packages = [
    "unix",
    "windows",
  ]
  pruneopts = ""
  revision = "314a259e304ff91bd6985da2a7149bbf91237993"

[[projects]]
  branch = "master"
  digest = "1:de5f2b854c46e933cd32e9c6e1f4bcf79d38587037f9a35178dde028779d9067"
  name = "golang.org/x/text"
  packages = [
    "collate",
    "collate/build",
    "internal/colltab",
    "internal/gen",
    "internal/tag",
    "internal/triegen",
    "internal/ucd",
    "language",
    "secure/bidirule",
    "transform",
    "unicode/bidi",
    "unicode/cldr",
    "unicode/norm",
    "unicode/rangetable",
  ]
  pruneopts = ""
  revision = "d82c1812e304abfeeabd31e995a115a2855bf642"

[[projects]]
  branch = "master"
  digest = "1:180913ea45cbe0072abce387a686b929908f8213106a735fe1d1273ae5239648"
  name = "google.golang.org/genproto"
  packages = ["googleapis/rpc/status"]
  pruneopts = ""
  revision = "f676e0f3ac6395ff1a529ae59a6670878a8371a6"

[[projects]]
  digest = "1:b3c989821c14a572c49a8091fd1e832a5e53d3ae2fbf90ed3ea46cef4863aad9"
  name = "google.golang.org/grpc"
  packages = [
    ".",
    "codes",
    "connectivity",
    "credentials",
    "grpclb/grpc_lb_v1/messages",
    "grpclog",
    "internal",
    "keepalive",
    "metadata",
    "naming",
    "peer",
    "stats",
    "status",
    "tap",
    "transport",
  ]
  pruneopts = ""
  revision = "f92cdcd7dcdc69e81b2d7b338479a19a8723cfa3"
  version = "v1.6.0"

[[projects]]
  branch = "master"
  digest = "1:d14d9e6f479cbbac36f556199034db558ec5755b59dcf9b44fa373611e97c7be"
  name = "layeh.com/gopher-json"
  packages = ["."]
  pruneopts = ""
  revision = "c128cc74278be889c4381681712931976fe0d88b"

[solve-meta]
  analyzer-name = "dep"
  analyzer-version = 1
  input-imports = [
    "github.com/Shopify/sarama",
    "github.com/aws/aws-sdk-go/aws",
    "github.com/aws/aws-sdk-go/aws/credentials",
    "github.com/aws/aws-sdk-go/aws/session",
    "github.com/aws/aws-sdk-go/service/sqs",
    "github.com/eclipse/paho.mqtt.golang",
    "github.com/golang/protobuf/proto",
    "github.com/gomodule/redigo/redis",
    "github.com/mmcloughlin/geohash",
    "github.com/nats-io/go-nats",
    "github.com/peterh/liner",
    "github.com/streadway/amqp",
    "github.com/tidwall/boxtree/d2",
    "github.com/tidwall/btree",
    "github.com/tidwall/buntdb",
    "github.com/tidwall/evio",
    "github.com/tidwall/geojson",
    "github.com/tidwall/geojson/geo",
    "github.com/tidwall/geojson/geometry",
    "github.com/tidwall/gjson",
    "github.com/tidwall/lotsa",
    "github.com/tidwall/match",
    "github.com/tidwall/pretty",
    "github.com/tidwall/redbench",
    "github.com/tidwall/redcon",
    "github.com/tidwall/resp",
    "github.com/tidwall/sjson",
    "github.com/tidwall/tinybtree",
    "github.com/yuin/gopher-lua",
    "golang.org/x/crypto/ssh/terminal",
    "golang.org/x/net/context",
    "google.golang.org/grpc",
    "layeh.com/gopher-json",
  ]
  solver-name = "gps-cdcl"
  solver-version = 1
